PODS:
  - Alamofire (5.4.0)
  - Charts (3.6.0):
    - Charts/Core (= 3.6.0)
  - Charts/Core (3.6.0)

DEPENDENCIES:
  - Alamofire (~> 5.2)
  - Charts

SPEC REPOS:
  trunk:
    - Alamofire
    - Charts

SPEC CHECKSUMS:
  Alamofire: 3b6a534a3df22db367e4dedeeca73d1ddfcf0e2f
  Charts: b1e3a1f5a1c9ba5394438ca3b91bd8c9076310af

PODFILE CHECKSUM: 30756ebdad185f35809f0444b31969513add6fb5

COCOAPODS: 1.10.0
