// !$*UTF8*$!
{
	archiveVersion = 1;
	classes = {
	};
	objectVersion = 51;
	objects = {

/* Begin PBXBuildFile section */
		1434B8FDF767F398AEC18658 /* Pods_COVID_19_Tracker.framework in Frameworks */ = {isa = PBXBuildFile; fileRef = 61F9F4BA013D6763AD42DEFA /* Pods_COVID_19_Tracker.framework */; };
		2B09989D258A7FD3005A1C5F /* CustomNavigationController.swift in Sources */ = {isa = PBXBuildFile; fileRef = 2B09989C258A7FD3005A1C5F /* CustomNavigationController.swift */; };
		2B0C965A25C5480400197F7A /* PieChartCell1.swift in Sources */ = {isa = PBXBuildFile; fileRef = 2B0C965925C5480400197F7A /* PieChartCell1.swift */; };
		2B14111A25BEC41400DD073D /* ChooseCountryCell.swift in Sources */ = {isa = PBXBuildFile; fileRef = 2B14111925BEC41400DD073D /* ChooseCountryCell.swift */; };
		2B14112225BF0A6500DD073D /* CountriesListVC.swift in Sources */ = {isa = PBXBuildFile; fileRef = 2B14112125BF0A6500DD073D /* CountriesListVC.swift */; };
		2B177B3A25B62055002FD055 /* MyCountryVC.swift in Sources */ = {isa = PBXBuildFile; fileRef = 2B177B3925B62055002FD055 /* MyCountryVC.swift */; };
		2B1FB9C925B0EB1800610757 /* DataTwoCell.swift in Sources */ = {isa = PBXBuildFile; fileRef = 2B1FB9C825B0EB1800610757 /* DataTwoCell.swift */; };
		2B1FB9CC25B1D15D00610757 /* TitleCell.swift in Sources */ = {isa = PBXBuildFile; fileRef = 2B1FB9CB25B1D15D00610757 /* TitleCell.swift */; };
		2B4E905C258730B900B6716C /* AppDelegate.swift in Sources */ = {isa = PBXBuildFile; fileRef = 2B4E905B258730B900B6716C /* AppDelegate.swift */; };
		2B4E905E258730B900B6716C /* SceneDelegate.swift in Sources */ = {isa = PBXBuildFile; fileRef = 2B4E905D258730B900B6716C /* SceneDelegate.swift */; };
		2B4E9060258730B900B6716C /* WorldVC.swift in Sources */ = {isa = PBXBuildFile; fileRef = 2B4E905F258730B900B6716C /* WorldVC.swift */; };
		2B4E9065258730BB00B6716C /* Assets.xcassets in Resources */ = {isa = PBXBuildFile; fileRef = 2B4E9064258730BB00B6716C /* Assets.xcassets */; };
		2B4E9068258730BB00B6716C /* LaunchScreen.storyboard in Resources */ = {isa = PBXBuildFile; fileRef = 2B4E9066258730BB00B6716C /* LaunchScreen.storyboard */; };
		2B4E90882587A8F500B6716C /* TabBarController.swift in Sources */ = {isa = PBXBuildFile; fileRef = 2B4E90872587A8F500B6716C /* TabBarController.swift */; };
		2B4E90902587F42400B6716C /* Extensions.swift in Sources */ = {isa = PBXBuildFile; fileRef = 2B4E908F2587F42400B6716C /* Extensions.swift */; };
		2B50551525C461C200988849 /* MyCountryCell.swift in Sources */ = {isa = PBXBuildFile; fileRef = 2B50551425C461C200988849 /* MyCountryCell.swift */; };
		2B70AA68258A57870096E042 /* Constants.swift in Sources */ = {isa = PBXBuildFile; fileRef = 2B70AA67258A57870096E042 /* Constants.swift */; };
		2B73259E25C32F3500FA63BC /* CountriesListService.swift in Sources */ = {isa = PBXBuildFile; fileRef = 2B73259D25C32F3500FA63BC /* CountriesListService.swift */; };
		2B7325A225C3FCD100FA63BC /* Country.swift in Sources */ = {isa = PBXBuildFile; fileRef = 2B7325A125C3FCD100FA63BC /* Country.swift */; };
		2B7325A525C4285800FA63BC /* CountryDataService.swift in Sources */ = {isa = PBXBuildFile; fileRef = 2B7325A425C4285800FA63BC /* CountryDataService.swift */; };
		2B7325AD25C42CD400FA63BC /* CountryData.swift in Sources */ = {isa = PBXBuildFile; fileRef = 2B7325AC25C42CD400FA63BC /* CountryData.swift */; };
		2BB218FE25A772E600DD7815 /* TotalDataService.swift in Sources */ = {isa = PBXBuildFile; fileRef = 2BB218FD25A772E600DD7815 /* TotalDataService.swift */; };
		2BB2190525A78C0500DD7815 /* SummaryBoxView.swift in Sources */ = {isa = PBXBuildFile; fileRef = 2BB2190425A78C0500DD7815 /* SummaryBoxView.swift */; };
		2BD34AB325B2ED34002FB2AE /* LastUpdatedCell.swift in Sources */ = {isa = PBXBuildFile; fileRef = 2BD34AB225B2ED34002FB2AE /* LastUpdatedCell.swift */; };
		2BD34AB925B34613002FB2AE /* Change.swift in Sources */ = {isa = PBXBuildFile; fileRef = 2BD34AB825B34613002FB2AE /* Change.swift */; };
		2BD34AC025B34AAF002FB2AE /* Summary.swift in Sources */ = {isa = PBXBuildFile; fileRef = 2BD34ABF25B34AAF002FB2AE /* Summary.swift */; };
		2BD34AC525B357AB002FB2AE /* PieChartCell.swift in Sources */ = {isa = PBXBuildFile; fileRef = 2BD34AC425B357AB002FB2AE /* PieChartCell.swift */; };
		2BF15F5F25AC849800338714 /* Data.swift in Sources */ = {isa = PBXBuildFile; fileRef = 2BF15F5E25AC849800338714 /* Data.swift */; };
		2BF15F6B25AD9F5800338714 /* DataOneCell.swift in Sources */ = {isa = PBXBuildFile; fileRef = 2BF15F6A25AD9F5800338714 /* DataOneCell.swift */; };
		2BF15F6F25AEE73400338714 /* SummaryResult.swift in Sources */ = {isa = PBXBuildFile; fileRef = 2BF15F6E25AEE73400338714 /* SummaryResult.swift */; };
/* End PBXBuildFile section */

/* Begin PBXFileReference section */
		2B09989C258A7FD3005A1C5F /* CustomNavigationController.swift */ = {isa = PBXFileReference; lastKnownFileType = sourcecode.swift; path = CustomNavigationController.swift; sourceTree = "<group>"; };
		2B0C965925C5480400197F7A /* PieChartCell1.swift */ = {isa = PBXFileReference; lastKnownFileType = sourcecode.swift; path = PieChartCell1.swift; sourceTree = "<group>"; };
		2B14111925BEC41400DD073D /* ChooseCountryCell.swift */ = {isa = PBXFileReference; lastKnownFileType = sourcecode.swift; path = ChooseCountryCell.swift; sourceTree = "<group>"; };
		2B14112125BF0A6500DD073D /* CountriesListVC.swift */ = {isa = PBXFileReference; lastKnownFileType = sourcecode.swift; path = CountriesListVC.swift; sourceTree = "<group>"; };
		2B177B3925B62055002FD055 /* MyCountryVC.swift */ = {isa = PBXFileReference; lastKnownFileType = sourcecode.swift; path = MyCountryVC.swift; sourceTree = "<group>"; };
		2B1FB9C825B0EB1800610757 /* DataTwoCell.swift */ = {isa = PBXFileReference; lastKnownFileType = sourcecode.swift; path = DataTwoCell.swift; sourceTree = "<group>"; };
		2B1FB9CB25B1D15D00610757 /* TitleCell.swift */ = {isa = PBXFileReference; lastKnownFileType = sourcecode.swift; path = TitleCell.swift; sourceTree = "<group>"; };
		2B4E9058258730B900B6716C /* COVID-19 Tracker.app */ = {isa = PBXFileReference; explicitFileType = wrapper.application; includeInIndex = 0; path = "COVID-19 Tracker.app"; sourceTree = BUILT_PRODUCTS_DIR; };
		2B4E905B258730B900B6716C /* AppDelegate.swift */ = {isa = PBXFileReference; lastKnownFileType = sourcecode.swift; path = AppDelegate.swift; sourceTree = "<group>"; };
		2B4E905D258730B900B6716C /* SceneDelegate.swift */ = {isa = PBXFileReference; lastKnownFileType = sourcecode.swift; path = SceneDelegate.swift; sourceTree = "<group>"; };
		2B4E905F258730B900B6716C /* WorldVC.swift */ = {isa = PBXFileReference; lastKnownFileType = sourcecode.swift; path = WorldVC.swift; sourceTree = "<group>"; };
		2B4E9064258730BB00B6716C /* Assets.xcassets */ = {isa = PBXFileReference; lastKnownFileType = folder.assetcatalog; path = Assets.xcassets; sourceTree = "<group>"; };
		2B4E9067258730BB00B6716C /* Base */ = {isa = PBXFileReference; lastKnownFileType = file.storyboard; name = Base; path = Base.lproj/LaunchScreen.storyboard; sourceTree = "<group>"; };
		2B4E9069258730BB00B6716C /* Info.plist */ = {isa = PBXFileReference; lastKnownFileType = text.plist.xml; path = Info.plist; sourceTree = "<group>"; };
		2B4E90872587A8F500B6716C /* TabBarController.swift */ = {isa = PBXFileReference; lastKnownFileType = sourcecode.swift; path = TabBarController.swift; sourceTree = "<group>"; };
		2B4E908F2587F42400B6716C /* Extensions.swift */ = {isa = PBXFileReference; lastKnownFileType = sourcecode.swift; path = Extensions.swift; sourceTree = "<group>"; };
		2B50551425C461C200988849 /* MyCountryCell.swift */ = {isa = PBXFileReference; lastKnownFileType = sourcecode.swift; path = MyCountryCell.swift; sourceTree = "<group>"; };
		2B70AA67258A57870096E042 /* Constants.swift */ = {isa = PBXFileReference; lastKnownFileType = sourcecode.swift; path = Constants.swift; sourceTree = "<group>"; };
		2B73259D25C32F3500FA63BC /* CountriesListService.swift */ = {isa = PBXFileReference; lastKnownFileType = sourcecode.swift; path = CountriesListService.swift; sourceTree = "<group>"; };
		2B7325A125C3FCD100FA63BC /* Country.swift */ = {isa = PBXFileReference; lastKnownFileType = sourcecode.swift; path = Country.swift; sourceTree = "<group>"; };
		2B7325A425C4285800FA63BC /* CountryDataService.swift */ = {isa = PBXFileReference; lastKnownFileType = sourcecode.swift; path = CountryDataService.swift; sourceTree = "<group>"; };
		2B7325AC25C42CD400FA63BC /* CountryData.swift */ = {isa = PBXFileReference; lastKnownFileType = sourcecode.swift; path = CountryData.swift; sourceTree = "<group>"; };
		2BB218FD25A772E600DD7815 /* TotalDataService.swift */ = {isa = PBXFileReference; lastKnownFileType = sourcecode.swift; path = TotalDataService.swift; sourceTree = "<group>"; };
		2BB2190425A78C0500DD7815 /* SummaryBoxView.swift */ = {isa = PBXFileReference; lastKnownFileType = sourcecode.swift; path = SummaryBoxView.swift; sourceTree = "<group>"; };
		2BD34AB225B2ED34002FB2AE /* LastUpdatedCell.swift */ = {isa = PBXFileReference; lastKnownFileType = sourcecode.swift; path = LastUpdatedCell.swift; sourceTree = "<group>"; };
		2BD34AB825B34613002FB2AE /* Change.swift */ = {isa = PBXFileReference; lastKnownFileType = sourcecode.swift; path = Change.swift; sourceTree = "<group>"; };
		2BD34ABF25B34AAF002FB2AE /* Summary.swift */ = {isa = PBXFileReference; lastKnownFileType = sourcecode.swift; path = Summary.swift; sourceTree = "<group>"; };
		2BD34AC425B357AB002FB2AE /* PieChartCell.swift */ = {isa = PBXFileReference; lastKnownFileType = sourcecode.swift; path = PieChartCell.swift; sourceTree = "<group>"; };
		2BF15F5E25AC849800338714 /* Data.swift */ = {isa = PBXFileReference; lastKnownFileType = sourcecode.swift; path = Data.swift; sourceTree = "<group>"; };
		2BF15F6A25AD9F5800338714 /* DataOneCell.swift */ = {isa = PBXFileReference; lastKnownFileType = sourcecode.swift; path = DataOneCell.swift; sourceTree = "<group>"; };
		2BF15F6E25AEE73400338714 /* SummaryResult.swift */ = {isa = PBXFileReference; lastKnownFileType = sourcecode.swift; path = SummaryResult.swift; sourceTree = "<group>"; };
		46ADAB27013E5531E85525FE /* Pods-COVID-19 Tracker.debug.xcconfig */ = {isa = PBXFileReference; includeInIndex = 1; lastKnownFileType = text.xcconfig; name = "Pods-COVID-19 Tracker.debug.xcconfig"; path = "Target Support Files/Pods-COVID-19 Tracker/Pods-COVID-19 Tracker.debug.xcconfig"; sourceTree = "<group>"; };
		61F9F4BA013D6763AD42DEFA /* Pods_COVID_19_Tracker.framework */ = {isa = PBXFileReference; explicitFileType = wrapper.framework; includeInIndex = 0; path = Pods_COVID_19_Tracker.framework; sourceTree = BUILT_PRODUCTS_DIR; };
		B0F391C0F0F026F517783563 /* Pods-COVID-19 Tracker.release.xcconfig */ = {isa = PBXFileReference; includeInIndex = 1; lastKnownFileType = text.xcconfig; name = "Pods-COVID-19 Tracker.release.xcconfig"; path = "Target Support Files/Pods-COVID-19 Tracker/Pods-COVID-19 Tracker.release.xcconfig"; sourceTree = "<group>"; };
/* End PBXFileReference section */

/* Begin PBXFrameworksBuildPhase section */
		2B4E9055258730B900B6716C /* Frameworks */ = {
			isa = PBXFrameworksBuildPhase;
			buildActionMask = 2147483647;
			files = (
				1434B8FDF767F398AEC18658 /* Pods_COVID_19_Tracker.framework in Frameworks */,
			);
			runOnlyForDeploymentPostprocessing = 0;
		};
/* End PBXFrameworksBuildPhase section */

/* Begin PBXGroup section */
		2B1DE6F9258A640300209708 /* View */ = {
			isa = PBXGroup;
			children = (
				2B09989C258A7FD3005A1C5F /* CustomNavigationController.swift */,
				2BB2190425A78C0500DD7815 /* SummaryBoxView.swift */,
				2B87E96225B4AE050053F4BB /* TimelineVC Cells */,
				2B87E96325B4AE200053F4BB /* ChartVC Cells */,
			);
			path = View;
			sourceTree = "<group>";
		};
		2B4E904F258730B900B6716C = {
			isa = PBXGroup;
			children = (
				2B4E905A258730B900B6716C /* COVID-19 Tracker */,
				2B4E9059258730B900B6716C /* Products */,
				406E92C2CD5A13A2355B1958 /* Pods */,
				B6E432B396AD771568DE3DB8 /* Frameworks */,
			);
			sourceTree = "<group>";
		};
		2B4E9059258730B900B6716C /* Products */ = {
			isa = PBXGroup;
			children = (
				2B4E9058258730B900B6716C /* COVID-19 Tracker.app */,
			);
			name = Products;
			sourceTree = "<group>";
		};
		2B4E905A258730B900B6716C /* COVID-19 Tracker */ = {
			isa = PBXGroup;
			children = (
				2B4E905B258730B900B6716C /* AppDelegate.swift */,
				2B4E905D258730B900B6716C /* SceneDelegate.swift */,
				2B9AE3C02595D06A00D155DE /* Networking */,
				2B9AE3BB2595C84300D155DE /* Model */,
				2B1DE6F9258A640300209708 /* View */,
				2B4E90722587323D00B6716C /* Controllers */,
				2B70AA6A258A57B40096E042 /* Utils */,
				2B4E9064258730BB00B6716C /* Assets.xcassets */,
				2B4E9066258730BB00B6716C /* LaunchScreen.storyboard */,
				2B4E9069258730BB00B6716C /* Info.plist */,
			);
			path = "COVID-19 Tracker";
			sourceTree = "<group>";
		};
		2B4E90722587323D00B6716C /* Controllers */ = {
			isa = PBXGroup;
			children = (
				2B4E90872587A8F500B6716C /* TabBarController.swift */,
				2B4E905F258730B900B6716C /* WorldVC.swift */,
				2B177B3925B62055002FD055 /* MyCountryVC.swift */,
				2B14112125BF0A6500DD073D /* CountriesListVC.swift */,
			);
			path = Controllers;
			sourceTree = "<group>";
		};
		2B70AA6A258A57B40096E042 /* Utils */ = {
			isa = PBXGroup;
			children = (
				2B70AA67258A57870096E042 /* Constants.swift */,
				2B4E908F2587F42400B6716C /* Extensions.swift */,
			);
			path = Utils;
			sourceTree = "<group>";
		};
		2B7325A025C3FC9600FA63BC /* Countries List Models */ = {
			isa = PBXGroup;
			children = (
				2B7325A125C3FCD100FA63BC /* Country.swift */,
			);
			path = "Countries List Models";
			sourceTree = "<group>";
		};
		2B7325AB25C42CAD00FA63BC /* Country Data Models */ = {
			isa = PBXGroup;
			children = (
				2B7325AC25C42CD400FA63BC /* CountryData.swift */,
			);
			path = "Country Data Models";
			sourceTree = "<group>";
		};
		2B87E96225B4AE050053F4BB /* TimelineVC Cells */ = {
			isa = PBXGroup;
			children = (
				2B1FB9CB25B1D15D00610757 /* TitleCell.swift */,
				2BF15F6A25AD9F5800338714 /* DataOneCell.swift */,
				2B1FB9C825B0EB1800610757 /* DataTwoCell.swift */,
				2BD34AB225B2ED34002FB2AE /* LastUpdatedCell.swift */,
				2BD34AC425B357AB002FB2AE /* PieChartCell.swift */,
			);
			path = "TimelineVC Cells";
			sourceTree = "<group>";
		};
		2B87E96325B4AE200053F4BB /* ChartVC Cells */ = {
			isa = PBXGroup;
			children = (
				2B14111925BEC41400DD073D /* ChooseCountryCell.swift */,
				2B50551425C461C200988849 /* MyCountryCell.swift */,
				2B0C965925C5480400197F7A /* PieChartCell1.swift */,
			);
			path = "ChartVC Cells";
			sourceTree = "<group>";
		};
		2B9AE3BB2595C84300D155DE /* Model */ = {
			isa = PBXGroup;
			children = (
				2BD34ACE25B46995002FB2AE /* Total Data Models */,
				2B7325A025C3FC9600FA63BC /* Countries List Models */,
				2B7325AB25C42CAD00FA63BC /* Country Data Models */,
			);
			path = Model;
			sourceTree = "<group>";
		};
		2B9AE3C02595D06A00D155DE /* Networking */ = {
			isa = PBXGroup;
			children = (
				2BB218FD25A772E600DD7815 /* TotalDataService.swift */,
				2B73259D25C32F3500FA63BC /* CountriesListService.swift */,
				2B7325A425C4285800FA63BC /* CountryDataService.swift */,
			);
			path = Networking;
			sourceTree = "<group>";
		};
		2BD34ACE25B46995002FB2AE /* Total Data Models */ = {
			isa = PBXGroup;
			children = (
				2BF15F6E25AEE73400338714 /* SummaryResult.swift */,
				2BF15F5E25AC849800338714 /* Data.swift */,
				2BD34ABF25B34AAF002FB2AE /* Summary.swift */,
				2BD34AB825B34613002FB2AE /* Change.swift */,
			);
			path = "Total Data Models";
			sourceTree = "<group>";
		};
		406E92C2CD5A13A2355B1958 /* Pods */ = {
			isa = PBXGroup;
			children = (
				46ADAB27013E5531E85525FE /* Pods-COVID-19 Tracker.debug.xcconfig */,
				B0F391C0F0F026F517783563 /* Pods-COVID-19 Tracker.release.xcconfig */,
			);
			path = Pods;
			sourceTree = "<group>";
		};
		B6E432B396AD771568DE3DB8 /* Frameworks */ = {
			isa = PBXGroup;
			children = (
				61F9F4BA013D6763AD42DEFA /* Pods_COVID_19_Tracker.framework */,
			);
			name = Frameworks;
			sourceTree = "<group>";
		};
/* End PBXGroup section */

/* Begin PBXNativeTarget section */
		2B4E9057258730B900B6716C /* COVID-19 Tracker */ = {
			isa = PBXNativeTarget;
			buildConfigurationList = 2B4E906C258730BB00B6716C /* Build configuration list for PBXNativeTarget "COVID-19 Tracker" */;
			buildPhases = (
				99780D4F4035A922AE4E1A7D /* [CP] Check Pods Manifest.lock */,
				2B4E9054258730B900B6716C /* Sources */,
				2B4E9055258730B900B6716C /* Frameworks */,
				2B4E9056258730B900B6716C /* Resources */,
				C525A2D0840C3725B5D4A572 /* [CP] Embed Pods Frameworks */,
			);
			buildRules = (
			);
			dependencies = (
			);
			name = "COVID-19 Tracker";
			productName = "COVID-19 Tracker";
			productReference = 2B4E9058258730B900B6716C /* COVID-19 Tracker.app */;
			productType = "com.apple.product-type.application";
		};
/* End PBXNativeTarget section */

/* Begin PBXProject section */
		2B4E9050258730B900B6716C /* Project object */ = {
			isa = PBXProject;
			attributes = {
				LastSwiftUpdateCheck = 1200;
				LastUpgradeCheck = 1200;
				TargetAttributes = {
					2B4E9057258730B900B6716C = {
						CreatedOnToolsVersion = 12.0.1;
					};
				};
			};
			buildConfigurationList = 2B4E9053258730B900B6716C /* Build configuration list for PBXProject "COVID-19 Tracker" */;
			compatibilityVersion = "Xcode 9.3";
			developmentRegion = en;
			hasScannedForEncodings = 0;
			knownRegions = (
				en,
				Base,
			);
			mainGroup = 2B4E904F258730B900B6716C;
			productRefGroup = 2B4E9059258730B900B6716C /* Products */;
			projectDirPath = "";
			projectRoot = "";
			targets = (
				2B4E9057258730B900B6716C /* COVID-19 Tracker */,
			);
		};
/* End PBXProject section */

/* Begin PBXResourcesBuildPhase section */
		2B4E9056258730B900B6716C /* Resources */ = {
			isa = PBXResourcesBuildPhase;
			buildActionMask = 2147483647;
			files = (
				2B4E9068258730BB00B6716C /* LaunchScreen.storyboard in Resources */,
				2B4E9065258730BB00B6716C /* Assets.xcassets in Resources */,
			);
			runOnlyForDeploymentPostprocessing = 0;
		};
/* End PBXResourcesBuildPhase section */

/* Begin PBXShellScriptBuildPhase section */
		99780D4F4035A922AE4E1A7D /* [CP] Check Pods Manifest.lock */ = {
			isa = PBXShellScriptBuildPhase;
			buildActionMask = 2147483647;
			files = (
			);
			inputFileListPaths = (
			);
			inputPaths = (
				"${PODS_PODFILE_DIR_PATH}/Podfile.lock",
				"${PODS_ROOT}/Manifest.lock",
			);
			name = "[CP] Check Pods Manifest.lock";
			outputFileListPaths = (
			);
			outputPaths = (
				"$(DERIVED_FILE_DIR)/Pods-COVID-19 Tracker-checkManifestLockResult.txt",
			);
			runOnlyForDeploymentPostprocessing = 0;
			shellPath = /bin/sh;
			shellScript = "diff \"${PODS_PODFILE_DIR_PATH}/Podfile.lock\" \"${PODS_ROOT}/Manifest.lock\" > /dev/null\nif [ $? != 0 ] ; then\n    # print error to STDERR\n    echo \"error: The sandbox is not in sync with the Podfile.lock. Run 'pod install' or update your CocoaPods installation.\" >&2\n    exit 1\nfi\n# This output is used by Xcode 'outputs' to avoid re-running this script phase.\necho \"SUCCESS\" > \"${SCRIPT_OUTPUT_FILE_0}\"\n";
			showEnvVarsInLog = 0;
		};
		C525A2D0840C3725B5D4A572 /* [CP] Embed Pods Frameworks */ = {
			isa = PBXShellScriptBuildPhase;
			buildActionMask = 2147483647;
			files = (
			);
			inputFileListPaths = (
				"${PODS_ROOT}/Target Support Files/Pods-COVID-19 Tracker/Pods-COVID-19 Tracker-frameworks-${CONFIGURATION}-input-files.xcfilelist",
			);
			name = "[CP] Embed Pods Frameworks";
			outputFileListPaths = (
				"${PODS_ROOT}/Target Support Files/Pods-COVID-19 Tracker/Pods-COVID-19 Tracker-frameworks-${CONFIGURATION}-output-files.xcfilelist",
			);
			runOnlyForDeploymentPostprocessing = 0;
			shellPath = /bin/sh;
			shellScript = "\"${PODS_ROOT}/Target Support Files/Pods-COVID-19 Tracker/Pods-COVID-19 Tracker-frameworks.sh\"\n";
			showEnvVarsInLog = 0;
		};
/* End PBXShellScriptBuildPhase section */

/* Begin PBXSourcesBuildPhase section */
		2B4E9054258730B900B6716C /* Sources */ = {
			isa = PBXSourcesBuildPhase;
			buildActionMask = 2147483647;
			files = (
				2B4E9060258730B900B6716C /* WorldVC.swift in Sources */,
				2B7325A525C4285800FA63BC /* CountryDataService.swift in Sources */,
				2BF15F6F25AEE73400338714 /* SummaryResult.swift in Sources */,
				2BD34AC525B357AB002FB2AE /* PieChartCell.swift in Sources */,
				2B14111A25BEC41400DD073D /* ChooseCountryCell.swift in Sources */,
				2B7325A225C3FCD100FA63BC /* Country.swift in Sources */,
				2B7325AD25C42CD400FA63BC /* CountryData.swift in Sources */,
				2B4E905C258730B900B6716C /* AppDelegate.swift in Sources */,
				2B4E905E258730B900B6716C /* SceneDelegate.swift in Sources */,
				2BD34AC025B34AAF002FB2AE /* Summary.swift in Sources */,
				2BD34AB925B34613002FB2AE /* Change.swift in Sources */,
				2B09989D258A7FD3005A1C5F /* CustomNavigationController.swift in Sources */,
				2B4E90882587A8F500B6716C /* TabBarController.swift in Sources */,
				2B1FB9CC25B1D15D00610757 /* TitleCell.swift in Sources */,
				2B73259E25C32F3500FA63BC /* CountriesListService.swift in Sources */,
				2B14112225BF0A6500DD073D /* CountriesListVC.swift in Sources */,
				2BF15F5F25AC849800338714 /* Data.swift in Sources */,
				2B0C965A25C5480400197F7A /* PieChartCell1.swift in Sources */,
				2BD34AB325B2ED34002FB2AE /* LastUpdatedCell.swift in Sources */,
				2B1FB9C925B0EB1800610757 /* DataTwoCell.swift in Sources */,
				2B50551525C461C200988849 /* MyCountryCell.swift in Sources */,
				2B177B3A25B62055002FD055 /* MyCountryVC.swift in Sources */,
				2BB218FE25A772E600DD7815 /* TotalDataService.swift in Sources */,
				2BF15F6B25AD9F5800338714 /* DataOneCell.swift in Sources */,
				2BB2190525A78C0500DD7815 /* SummaryBoxView.swift in Sources */,
				2B4E90902587F42400B6716C /* Extensions.swift in Sources */,
				2B70AA68258A57870096E042 /* Constants.swift in Sources */,
			);
			runOnlyForDeploymentPostprocessing = 0;
		};
/* End PBXSourcesBuildPhase section */

/* Begin PBXVariantGroup section */
		2B4E9066258730BB00B6716C /* LaunchScreen.storyboard */ = {
			isa = PBXVariantGroup;
			children = (
				2B4E9067258730BB00B6716C /* Base */,
			);
			name = LaunchScreen.storyboard;
			sourceTree = "<group>";
		};
/* End PBXVariantGroup section */

/* Begin XCBuildConfiguration section */
		2B4E906A258730BB00B6716C /* Debug */ = {
			isa = XCBuildConfiguration;
			buildSettings = {
				ALWAYS_SEARCH_USER_PATHS = NO;
				CLANG_ANALYZER_NONNULL = YES;
				CLANG_ANALYZER_NUMBER_OBJECT_CONVERSION = YES_AGGRESSIVE;
				CLANG_CXX_LANGUAGE_STANDARD = "gnu++14";
				CLANG_CXX_LIBRARY = "libc++";
				CLANG_ENABLE_MODULES = YES;
				CLANG_ENABLE_OBJC_ARC = YES;
				CLANG_ENABLE_OBJC_WEAK = YES;
				CLANG_WARN_BLOCK_CAPTURE_AUTORELEASING = YES;
				CLANG_WARN_BOOL_CONVERSION = YES;
				CLANG_WARN_COMMA = YES;
				CLANG_WARN_CONSTANT_CONVERSION = YES;
				CLANG_WARN_DEPRECATED_OBJC_IMPLEMENTATIONS = YES;
				CLANG_WARN_DIRECT_OBJC_ISA_USAGE = YES_ERROR;
				CLANG_WARN_DOCUMENTATION_COMMENTS = YES;
				CLANG_WARN_EMPTY_BODY = YES;
				CLANG_WARN_ENUM_CONVERSION = YES;
				CLANG_WARN_INFINITE_RECURSION = YES;
				CLANG_WARN_INT_CONVERSION = YES;
				CLANG_WARN_NON_LITERAL_NULL_CONVERSION = YES;
				CLANG_WARN_OBJC_IMPLICIT_RETAIN_SELF = YES;
				CLANG_WARN_OBJC_LITERAL_CONVERSION = YES;
				CLANG_WARN_OBJC_ROOT_CLASS = YES_ERROR;
				CLANG_WARN_QUOTED_INCLUDE_IN_FRAMEWORK_HEADER = YES;
				CLANG_WARN_RANGE_LOOP_ANALYSIS = YES;
				CLANG_WARN_STRICT_PROTOTYPES = YES;
				CLANG_WARN_SUSPICIOUS_MOVE = YES;
				CLANG_WARN_UNGUARDED_AVAILABILITY = YES_AGGRESSIVE;
				CLANG_WARN_UNREACHABLE_CODE = YES;
				CLANG_WARN__DUPLICATE_METHOD_MATCH = YES;
				COPY_PHASE_STRIP = NO;
				DEBUG_INFORMATION_FORMAT = dwarf;
				ENABLE_STRICT_OBJC_MSGSEND = YES;
				ENABLE_TESTABILITY = YES;
				GCC_C_LANGUAGE_STANDARD = gnu11;
				GCC_DYNAMIC_NO_PIC = NO;
				GCC_NO_COMMON_BLOCKS = YES;
				GCC_OPTIMIZATION_LEVEL = 0;
				GCC_PREPROCESSOR_DEFINITIONS = (
					"DEBUG=1",
					"$(inherited)",
				);
				GCC_WARN_64_TO_32_BIT_CONVERSION = YES;
				GCC_WARN_ABOUT_RETURN_TYPE = YES_ERROR;
				GCC_WARN_UNDECLARED_SELECTOR = YES;
				GCC_WARN_UNINITIALIZED_AUTOS = YES_AGGRESSIVE;
				GCC_WARN_UNUSED_FUNCTION = YES;
				GCC_WARN_UNUSED_VARIABLE = YES;
				IPHONEOS_DEPLOYMENT_TARGET = 14.0;
				MTL_ENABLE_DEBUG_INFO = INCLUDE_SOURCE;
				MTL_FAST_MATH = YES;
				ONLY_ACTIVE_ARCH = YES;
				SDKROOT = iphoneos;
				SWIFT_ACTIVE_COMPILATION_CONDITIONS = DEBUG;
				SWIFT_OPTIMIZATION_LEVEL = "-Onone";
			};
			name = Debug;
		};
		2B4E906B258730BB00B6716C /* Release */ = {
			isa = XCBuildConfiguration;
			buildSettings = {
				ALWAYS_SEARCH_USER_PATHS = NO;
				CLANG_ANALYZER_NONNULL = YES;
				CLANG_ANALYZER_NUMBER_OBJECT_CONVERSION = YES_AGGRESSIVE;
				CLANG_CXX_LANGUAGE_STANDARD = "gnu++14";
				CLANG_CXX_LIBRARY = "libc++";
				CLANG_ENABLE_MODULES = YES;
				CLANG_ENABLE_OBJC_ARC = YES;
				CLANG_ENABLE_OBJC_WEAK = YES;
				CLANG_WARN_BLOCK_CAPTURE_AUTORELEASING = YES;
				CLANG_WARN_BOOL_CONVERSION = YES;
				CLANG_WARN_COMMA = YES;
				CLANG_WARN_CONSTANT_CONVERSION = YES;
				CLANG_WARN_DEPRECATED_OBJC_IMPLEMENTATIONS = YES;
				CLANG_WARN_DIRECT_OBJC_ISA_USAGE = YES_ERROR;
				CLANG_WARN_DOCUMENTATION_COMMENTS = YES;
				CLANG_WARN_EMPTY_BODY = YES;
				CLANG_WARN_ENUM_CONVERSION = YES;
				CLANG_WARN_INFINITE_RECURSION = YES;
				CLANG_WARN_INT_CONVERSION = YES;
				CLANG_WARN_NON_LITERAL_NULL_CONVERSION = YES;
				CLANG_WARN_OBJC_IMPLICIT_RETAIN_SELF = YES;
				CLANG_WARN_OBJC_LITERAL_CONVERSION = YES;
				CLANG_WARN_OBJC_ROOT_CLASS = YES_ERROR;
				CLANG_WARN_QUOTED_INCLUDE_IN_FRAMEWORK_HEADER = YES;
				CLANG_WARN_RANGE_LOOP_ANALYSIS = YES;
				CLANG_WARN_STRICT_PROTOTYPES = YES;
				CLANG_WARN_SUSPICIOUS_MOVE = YES;
				CLANG_WARN_UNGUARDED_AVAILABILITY = YES_AGGRESSIVE;
				CLANG_WARN_UNREACHABLE_CODE = YES;
				CLANG_WARN__DUPLICATE_METHOD_MATCH = YES;
				COPY_PHASE_STRIP = NO;
				DEBUG_INFORMATION_FORMAT = "dwarf-with-dsym";
				ENABLE_NS_ASSERTIONS = NO;
				ENABLE_STRICT_OBJC_MSGSEND = YES;
				GCC_C_LANGUAGE_STANDARD = gnu11;
				GCC_NO_COMMON_BLOCKS = YES;
				GCC_WARN_64_TO_32_BIT_CONVERSION = YES;
				GCC_WARN_ABOUT_RETURN_TYPE = YES_ERROR;
				GCC_WARN_UNDECLARED_SELECTOR = YES;
				GCC_WARN_UNINITIALIZED_AUTOS = YES_AGGRESSIVE;
				GCC_WARN_UNUSED_FUNCTION = YES;
				GCC_WARN_UNUSED_VARIABLE = YES;
				IPHONEOS_DEPLOYMENT_TARGET = 14.0;
				MTL_ENABLE_DEBUG_INFO = NO;
				MTL_FAST_MATH = YES;
				SDKROOT = iphoneos;
				SWIFT_COMPILATION_MODE = wholemodule;
				SWIFT_OPTIMIZATION_LEVEL = "-O";
				VALIDATE_PRODUCT = YES;
			};
			name = Release;
		};
		2B4E906D258730BB00B6716C /* Debug */ = {
			isa = XCBuildConfiguration;
			baseConfigurationReference = 46ADAB27013E5531E85525FE /* Pods-COVID-19 Tracker.debug.xcconfig */;
			buildSettings = {
				ASSETCATALOG_COMPILER_APPICON_NAME = AppIcon;
				ASSETCATALOG_COMPILER_GLOBAL_ACCENT_COLOR_NAME = AccentColor;
				CODE_SIGN_STYLE = Automatic;
				DEVELOPMENT_TEAM = 5ZVBFKA54H;
				INFOPLIST_FILE = "COVID-19 Tracker/Info.plist";
				LD_RUNPATH_SEARCH_PATHS = (
					"$(inherited)",
					"@executable_path/Frameworks",
				);
				PRODUCT_BUNDLE_IDENTIFIER = "co.mukatayev.COVID-19-Tracker";
				PRODUCT_NAME = "$(TARGET_NAME)";
				SWIFT_VERSION = 5.0;
				TARGETED_DEVICE_FAMILY = 1;
			};
			name = Debug;
		};
		2B4E906E258730BB00B6716C /* Release */ = {
			isa = XCBuildConfiguration;
			baseConfigurationReference = B0F391C0F0F026F517783563 /* Pods-COVID-19 Tracker.release.xcconfig */;
			buildSettings = {
				ASSETCATALOG_COMPILER_APPICON_NAME = AppIcon;
				ASSETCATALOG_COMPILER_GLOBAL_ACCENT_COLOR_NAME = AccentColor;
				CODE_SIGN_STYLE = Automatic;
				DEVELOPMENT_TEAM = 5ZVBFKA54H;
				INFOPLIST_FILE = "COVID-19 Tracker/Info.plist";
				LD_RUNPATH_SEARCH_PATHS = (
					"$(inherited)",
					"@executable_path/Frameworks",
				);
				PRODUCT_BUNDLE_IDENTIFIER = "co.mukatayev.COVID-19-Tracker";
				PRODUCT_NAME = "$(TARGET_NAME)";
				SWIFT_VERSION = 5.0;
				TARGETED_DEVICE_FAMILY = 1;
			};
			name = Release;
		};
/* End XCBuildConfiguration section */

/* Begin XCConfigurationList section */
		2B4E9053258730B900B6716C /* Build configuration list for PBXProject "COVID-19 Tracker" */ = {
			isa = XCConfigurationList;
			buildConfigurations = (
				2B4E906A258730BB00B6716C /* Debug */,
				2B4E906B258730BB00B6716C /* Release */,
			);
			defaultConfigurationIsVisible = 0;
			defaultConfigurationName = Release;
		};
		2B4E906C258730BB00B6716C /* Build configuration list for PBXNativeTarget "COVID-19 Tracker" */ = {
			isa = XCConfigurationList;
			buildConfigurations = (
				2B4E906D258730BB00B6716C /* Debug */,
				2B4E906E258730BB00B6716C /* Release */,
			);
			defaultConfigurationIsVisible = 0;
			defaultConfigurationName = Release;
		};
/* End XCConfigurationList section */
	};
	rootObject = 2B4E9050258730B900B6716C /* Project object */;
}
